# This file is autogenerated, do not edit; changes may be undone by the next 'dep ensure'.


[[projects]]
  branch = "master"
  digest = "1:384480303fd1f19e9683f9743b0f38bada7e0d6da78f028a75160c23aad0667c"
  name = "gitee.com/openeuler/go-gitee"
  packages = ["gitee"]
  pruneopts = "UT"
  revision = "a91b6e6ed1b186678b7cae283e2c71a8bae73dd5"
  source = "https://gitee.com/openeuler/go-gitee.git"

[[projects]]
  digest = "1:66816d1057bb809fb27ce87a247a1e78a867e8d64d32913d84c6a70b7bb10f06"
  name = "github.com/aliyun/aliyun-oss-go-sdk"
  packages = ["oss"]
  pruneopts = "UT"
  revision = "290fad417d4bc167a4854a861995c4da7b0e3eb4"
  version = "v2.1.2"

[[projects]]
  digest = "1:3d3da1dd49a4492069391f9ae0c3e39a8b6e96fb5e8b3e5bbfb8d4820e8d4c36"
  name = "github.com/antihax/optional"
  packages = ["."]
  pruneopts = "UT"
  revision = "c3f0ba9c1a592b971d66b2787679af55b5c58f21"
  version = "v1.0.0"

[[projects]]
  digest = "1:9e1f58e0d3991f12e7b532161f56dc12c633fb01802ec60520d877599c2af2c5"
  name = "github.com/golang/protobuf"
  packages = ["proto"]
  pruneopts = "UT"
  revision = "d04d7b157bb510b1e0c10132224b616ac0e26b17"
  version = "v1.4.2"

[[projects]]
  digest = "1:a8755ef1669415e35511b43358694cb0a6d302001393e30e00ffcdb66999e9f4"
  name = "github.com/google/go-github"
  packages = ["github"]
  pruneopts = "UT"
  revision = "a86f060e61d0ec7318f2a2ce843a7b9dbdbdf615"
  version = "v32.0.0"

[[projects]]
  digest = "1:a63cff6b5d8b95638bfe300385d93b2a6d9d687734b863da8e09dc834510a690"
  name = "github.com/google/go-querystring"
  packages = ["query"]
  pruneopts = "UT"
  revision = "44c6ddd0a2342c386950e880b658017258da92fc"
  version = "v1.0.0"

[[projects]]
  branch = "master"
  digest = "1:07c9329a75451b6c0d49cfea8da6c1dd21a70bd06c3e538e34f5b0d763a223f7"
  name = "golang.org/x/crypto"
  packages = [
    "cast5",
    "openpgp",
    "openpgp/armor",
    "openpgp/elgamal",
    "openpgp/errors",
    "openpgp/packet",
    "openpgp/s2k",
  ]
  pruneopts = "UT"
  revision = "75b288015ac94e66e3d6715fb68a9b41bf046ec2"

[[projects]]
  branch = "master"
  digest = "1:f8b491a7c25030a895a0e579742d07136e6958e77ef2d46e769db8eec4e58fcd"
  name = "golang.org/x/net"
  packages = [
    "context",
    "context/ctxhttp",
  ]
  pruneopts = "UT"
  revision = "4c5254603344ea4a8ae4bed7e296a9588303e14f"

[[projects]]
  branch = "master"
  digest = "1:911b45b658f5fab1a26259e2fd1085ab296f9d3e46117311d25f8dae51efe720"
  name = "golang.org/x/oauth2"
  packages = [
    ".",
    "internal",
  ]
  pruneopts = "UT"
  revision = "bf48bf16ab8d622ce64ec6ce98d2c98f916b6303"

[[projects]]
  branch = "master"
  digest = "1:9a12483c63e8328a477280cd6855689af0f584eb580b66c0d113a1f5fe7791b0"
  name = "golang.org/x/time"
  packages = ["rate"]
  pruneopts = "UT"
  revision = "3af7569d3a1e776fc2a3c1cec133b43105ea9c2e"

[[projects]]
  digest = "1:15bbb120d95283019f8891f2762fab3e735075b2cf9b378497277d2fe6c4abca"
  name = "google.golang.org/appengine"
  packages = [
    "internal",
    "internal/base",
    "internal/datastore",
    "internal/log",
    "internal/remote_api",
    "internal/urlfetch",
    "urlfetch",
  ]
  pruneopts = "UT"
  revision = "553959209a20f3be281c16dd5be5c740a893978f"
  version = "v1.6.6"

[[projects]]
  digest = "1:cccb3a18e62abaccd19c309fc01a69da2509719f5a453cb2e66969f670503245"
  name = "google.golang.org/protobuf"
  packages = [
    "encoding/prototext",
    "encoding/protowire",
    "internal/descfmt",
    "internal/descopts",
    "internal/detrand",
    "internal/encoding/defval",
    "internal/encoding/messageset",
    "internal/encoding/tag",
    "internal/encoding/text",
    "internal/errors",
    "internal/fieldsort",
    "internal/filedesc",
    "internal/filetype",
    "internal/flags",
    "internal/genid",
    "internal/impl",
    "internal/mapsort",
    "internal/pragma",
    "internal/set",
    "internal/strs",
    "internal/version",
    "proto",
    "reflect/protoreflect",
    "reflect/protoregistry",
    "runtime/protoiface",
    "runtime/protoimpl",
  ]
  pruneopts = "UT"
  revision = "3f7a61f89bb6813f89d981d1870ed68da0b3c3f1"
  version = "v1.25.0"

[solve-meta]
  analyzer-name = "dep"
  analyzer-version = 1
  input-imports = [
    "gitee.com/openeuler/go-gitee/gitee",
    "github.com/aliyun/aliyun-oss-go-sdk/oss",
    "github.com/google/go-github/github",
    "golang.org/x/oauth2",
  ]
  solver-name = "gps-cdcl"
  solver-version = 1
